
Microsoft Visual Studio Solution File, Format Version 12.00
# Visual Studio 15
VisualStudioVersion = 15.0.27428.1
MinimumVisualStudioVersion = 10.0.40219.1
Project("{FAE04EC0-301F-11D3-BF4B-00C04F79EFBC}") = "topic4", "Homework1\topic4.csproj", "{4E8E9AD0-0F01-4776-B5BD-D3385809E0F3}"
EndProject
Project("{FAE04EC0-301F-11D3-BF4B-00C04F79EFBC}") = "topic5", "topic5\topic5.csproj", "{B2FB6FC6-711B-4D4A-BD0B-AD1D7982D1E3}"
EndProject
Global
	GlobalSection(SolutionConfigurationPlatforms) = preSolution
		Debug|Any CPU = Debug|Any CPU
		Release|Any CPU = Release|Any CPU
	EndGlobalSection
	GlobalSection(ProjectConfigurationPlatforms) = postSolution
		{4E8E9AD0-0F01-4776-B5BD-D3385809E0F3}.Debug|Any CPU.ActiveCfg = Debug|Any CPU
		{4E8E9AD0-0F01-4776-B5BD-D3385809E0F3}.Debug|Any CPU.Build.0 = Debug|Any CPU
		{4E8E9AD0-0F01-4776-B5BD-D3385809E0F3}.Release|Any CPU.ActiveCfg = Release|Any CPU
		{4E8E9AD0-0F01-4776-B5BD-D3385809E0F3}.Release|Any CPU.Build.0 = Release|Any CPU
		{B2FB6FC6-711B-4D4A-BD0B-AD1D7982D1E3}.Debug|Any CPU.ActiveCfg = Debug|Any CPU
		{B2FB6FC6-711B-4D4A-BD0B-AD1D7982D1E3}.Debug|Any CPU.Build.0 = Debug|Any CPU
		{B2FB6FC6-711B-4D4A-BD0B-AD1D7982D1E3}.Release|Any CPU.ActiveCfg = Release|Any CPU
		{B2FB6FC6-711B-4D4A-BD0B-AD1D7982D1E3}.Release|Any CPU.Build.0 = Release|Any CPU
	EndGlobalSection
	GlobalSection(SolutionProperties) = preSolution
		HideSolutionNode = FALSE
	EndGlobalSection
	GlobalSection(ExtensibilityGlobals) = postSolution
		SolutionGuid = {F2912EB4-0318-478C-B792-80D340CD44CA}
	EndGlobalSection
EndGlobal
